
Microsoft Visual Studio Solution File, Format Version 12.00
# Visual Studio Version 16
VisualStudioVersion = 16.0.31313.79
MinimumVisualStudioVersion = 10.0.40219.1
Project("{9A19103F-16F7-4668-BE54-9A1E7A4F7556}") = "RobotChallenge", "RobotChallenge\RobotChallenge.csproj", "{3D133E22-AE87-418C-B7E3-F465643AA2EF}"
EndProject
Project("{FAE04EC0-301F-11D3-BF4B-00C04F79EFBC}") = "RobotChallengeUnitTests", "RobotChallengeUnitTests\RobotChallengeUnitTests.csproj", "{FC6DFB42-C954-4E62-A134-80F49A460B3A}"
EndProject
Global
	GlobalSection(SolutionConfigurationPlatforms) = preSolution
		Debug|Any CPU = Debug|Any CPU
		Release|Any CPU = Release|Any CPU
	EndGlobalSection
	GlobalSection(ProjectConfigurationPlatforms) = postSolution
		{3D133E22-AE87-418C-B7E3-F465643AA2EF}.Debug|Any CPU.ActiveCfg = Debug|Any CPU
		{3D133E22-AE87-418C-B7E3-F465643AA2EF}.Debug|Any CPU.Build.0 = Debug|Any CPU
		{3D133E22-AE87-418C-B7E3-F465643AA2EF}.Release|Any CPU.ActiveCfg = Release|Any CPU
		{3D133E22-AE87-418C-B7E3-F465643AA2EF}.Release|Any CPU.Build.0 = Release|Any CPU
		{FC6DFB42-C954-4E62-A134-80F49A460B3A}.Debug|Any CPU.ActiveCfg = Debug|Any CPU
		{FC6DFB42-C954-4E62-A134-80F49A460B3A}.Debug|Any CPU.Build.0 = Debug|Any CPU
		{FC6DFB42-C954-4E62-A134-80F49A460B3A}.Release|Any CPU.ActiveCfg = Release|Any CPU
		{FC6DFB42-C954-4E62-A134-80F49A460B3A}.Release|Any CPU.Build.0 = Release|Any CPU
	EndGlobalSection
	GlobalSection(SolutionProperties) = preSolution
		HideSolutionNode = FALSE
	EndGlobalSection
	GlobalSection(ExtensibilityGlobals) = postSolution
		SolutionGuid = {CC52507D-1D04-4585-B1EA-BC9F60FA0C93}
	EndGlobalSection
EndGlobal
